// !$*UTF8*$!
{
	archiveVersion = 1;
	classes = {
	};
	objectVersion = 56;
	objects = {

/* Begin PBXBuildFile section */
		2D90F7542985B9B8003286E3 /* CardView.swift in Sources */ = {isa = PBXBuildFile; fileRef = 2D90F7532985B9B8003286E3 /* CardView.swift */; };
		2D90F7572985BECA003286E3 /* UIScrollView+.swift in Sources */ = {isa = PBXBuildFile; fileRef = 2D90F7562985BECA003286E3 /* UIScrollView+.swift */; };
		2DEF374A297EC34200C378FE /* AppDelegate.swift in Sources */ = {isa = PBXBuildFile; fileRef = 2DEF3749297EC34200C378FE /* AppDelegate.swift */; };
		2DEF374C297EC34200C378FE /* SceneDelegate.swift in Sources */ = {isa = PBXBuildFile; fileRef = 2DEF374B297EC34200C378FE /* SceneDelegate.swift */; };
		2DEF3753297EC34300C378FE /* Assets.xcassets in Resources */ = {isa = PBXBuildFile; fileRef = 2DEF3752297EC34300C378FE /* Assets.xcassets */; };
		2DEF3756297EC34300C378FE /* LaunchScreen.storyboard in Resources */ = {isa = PBXBuildFile; fileRef = 2DEF3754297EC34300C378FE /* LaunchScreen.storyboard */; };
		2DEF375F297EC4A000C378FE /* AppContainer.swift in Sources */ = {isa = PBXBuildFile; fileRef = 2DEF375E297EC4A000C378FE /* AppContainer.swift */; };
		2DEF3761297EC4A500C378FE /* AppRouter.swift in Sources */ = {isa = PBXBuildFile; fileRef = 2DEF3760297EC4A500C378FE /* AppRouter.swift */; };
		2DEF3768297EC5D700C378FE /* MainTabBarController.swift in Sources */ = {isa = PBXBuildFile; fileRef = 2DEF3767297EC5D700C378FE /* MainTabBarController.swift */; };
		2DEF376A297EC63700C378FE /* HomeViewController.swift in Sources */ = {isa = PBXBuildFile; fileRef = 2DEF3769297EC63700C378FE /* HomeViewController.swift */; };
		2DEF376C297EC63E00C378FE /* TradeViewController.swift in Sources */ = {isa = PBXBuildFile; fileRef = 2DEF376B297EC63E00C378FE /* TradeViewController.swift */; };
		2DEF376E297EC64500C378FE /* ProfileViewController.swift in Sources */ = {isa = PBXBuildFile; fileRef = 2DEF376D297EC64500C378FE /* ProfileViewController.swift */; };
		2DFE5E15297ECDDC00698BED /* SnapKit in Frameworks */ = {isa = PBXBuildFile; productRef = 2DFE5E14297ECDDC00698BED /* SnapKit */; };
		2DFE5E18297F051400698BED /* AppColors.swift in Sources */ = {isa = PBXBuildFile; fileRef = 2DFE5E17297F051400698BED /* AppColors.swift */; };
/* End PBXBuildFile section */

/* Begin PBXFileReference section */
		2D90F7532985B9B8003286E3 /* CardView.swift */ = {isa = PBXFileReference; lastKnownFileType = sourcecode.swift; path = CardView.swift; sourceTree = "<group>"; };
		2D90F7562985BECA003286E3 /* UIScrollView+.swift */ = {isa = PBXFileReference; lastKnownFileType = sourcecode.swift; path = "UIScrollView+.swift"; sourceTree = "<group>"; };
		2DEF3746297EC34100C378FE /* RichWallet.app */ = {isa = PBXFileReference; explicitFileType = wrapper.application; includeInIndex = 0; path = RichWallet.app; sourceTree = BUILT_PRODUCTS_DIR; };
		2DEF3749297EC34200C378FE /* AppDelegate.swift */ = {isa = PBXFileReference; lastKnownFileType = sourcecode.swift; path = AppDelegate.swift; sourceTree = "<group>"; };
		2DEF374B297EC34200C378FE /* SceneDelegate.swift */ = {isa = PBXFileReference; lastKnownFileType = sourcecode.swift; path = SceneDelegate.swift; sourceTree = "<group>"; };
		2DEF3752297EC34300C378FE /* Assets.xcassets */ = {isa = PBXFileReference; lastKnownFileType = folder.assetcatalog; path = Assets.xcassets; sourceTree = "<group>"; };
		2DEF3755297EC34300C378FE /* Base */ = {isa = PBXFileReference; lastKnownFileType = file.storyboard; name = Base; path = Base.lproj/LaunchScreen.storyboard; sourceTree = "<group>"; };
		2DEF3757297EC34300C378FE /* Info.plist */ = {isa = PBXFileReference; lastKnownFileType = text.plist.xml; path = Info.plist; sourceTree = "<group>"; };
		2DEF375E297EC4A000C378FE /* AppContainer.swift */ = {isa = PBXFileReference; lastKnownFileType = sourcecode.swift; path = AppContainer.swift; sourceTree = "<group>"; };
		2DEF3760297EC4A500C378FE /* AppRouter.swift */ = {isa = PBXFileReference; lastKnownFileType = sourcecode.swift; path = AppRouter.swift; sourceTree = "<group>"; };
		2DEF3767297EC5D700C378FE /* MainTabBarController.swift */ = {isa = PBXFileReference; lastKnownFileType = sourcecode.swift; path = MainTabBarController.swift; sourceTree = "<group>"; };
		2DEF3769297EC63700C378FE /* HomeViewController.swift */ = {isa = PBXFileReference; lastKnownFileType = sourcecode.swift; path = HomeViewController.swift; sourceTree = "<group>"; };
		2DEF376B297EC63E00C378FE /* TradeViewController.swift */ = {isa = PBXFileReference; lastKnownFileType = sourcecode.swift; path = TradeViewController.swift; sourceTree = "<group>"; };
		2DEF376D297EC64500C378FE /* ProfileViewController.swift */ = {isa = PBXFileReference; lastKnownFileType = sourcecode.swift; path = ProfileViewController.swift; sourceTree = "<group>"; };
		2DFE5E17297F051400698BED /* AppColors.swift */ = {isa = PBXFileReference; lastKnownFileType = sourcecode.swift; path = AppColors.swift; sourceTree = "<group>"; };
/* End PBXFileReference section */

/* Begin PBXFrameworksBuildPhase section */
		2DEF3743297EC34100C378FE /* Frameworks */ = {
			isa = PBXFrameworksBuildPhase;
			buildActionMask = 2147483647;
			files = (
				2DFE5E15297ECDDC00698BED /* SnapKit in Frameworks */,
			);
			runOnlyForDeploymentPostprocessing = 0;
		};
/* End PBXFrameworksBuildPhase section */

/* Begin PBXGroup section */
		2D90F7552985BEBC003286E3 /* Extensions */ = {
			isa = PBXGroup;
			children = (
				2D90F7562985BECA003286E3 /* UIScrollView+.swift */,
			);
			path = Extensions;
			sourceTree = "<group>";
		};
		2DEF373D297EC34100C378FE = {
			isa = PBXGroup;
			children = (
				2DEF3748297EC34100C378FE /* RichWallet */,
				2DEF3747297EC34100C378FE /* Products */,
			);
			sourceTree = "<group>";
		};
		2DEF3747297EC34100C378FE /* Products */ = {
			isa = PBXGroup;
			children = (
				2DEF3746297EC34100C378FE /* RichWallet.app */,
			);
			name = Products;
			sourceTree = "<group>";
		};
		2DEF3748297EC34100C378FE /* RichWallet */ = {
			isa = PBXGroup;
			children = (
				2D90F7552985BEBC003286E3 /* Extensions */,
				2DFE5E16297F050C00698BED /* Colors */,
				2DEF375D297EC48700C378FE /* App */,
				2DEF3766297EC54E00C378FE /* Resources */,
				2DEF3762297EC52F00C378FE /* Scenes */,
			);
			path = RichWallet;
			sourceTree = "<group>";
		};
		2DEF375D297EC48700C378FE /* App */ = {
			isa = PBXGroup;
			children = (
				2DEF3749297EC34200C378FE /* AppDelegate.swift */,
				2DEF374B297EC34200C378FE /* SceneDelegate.swift */,
				2DEF375E297EC4A000C378FE /* AppContainer.swift */,
				2DEF3760297EC4A500C378FE /* AppRouter.swift */,
			);
			path = App;
			sourceTree = "<group>";
		};
		2DEF3762297EC52F00C378FE /* Scenes */ = {
			isa = PBXGroup;
			children = (
				2DEF3765297EC54300C378FE /* ProfileScene */,
				2DEF3764297EC53D00C378FE /* TradeScene */,
				2DEF3763297EC53600C378FE /* HomeScene */,
				2DEF3767297EC5D700C378FE /* MainTabBarController.swift */,
			);
			path = Scenes;
			sourceTree = "<group>";
		};
		2DEF3763297EC53600C378FE /* HomeScene */ = {
			isa = PBXGroup;
			children = (
				2DEF3769297EC63700C378FE /* HomeViewController.swift */,
				2D90F7532985B9B8003286E3 /* CardView.swift */,
			);
			path = HomeScene;
			sourceTree = "<group>";
		};
		2DEF3764297EC53D00C378FE /* TradeScene */ = {
			isa = PBXGroup;
			children = (
				2DEF376B297EC63E00C378FE /* TradeViewController.swift */,
			);
			path = TradeScene;
			sourceTree = "<group>";
		};
		2DEF3765297EC54300C378FE /* ProfileScene */ = {
			isa = PBXGroup;
			children = (
				2DEF376D297EC64500C378FE /* ProfileViewController.swift */,
			);
			path = ProfileScene;
			sourceTree = "<group>";
		};
		2DEF3766297EC54E00C378FE /* Resources */ = {
			isa = PBXGroup;
			children = (
				2DEF3752297EC34300C378FE /* Assets.xcassets */,
				2DEF3754297EC34300C378FE /* LaunchScreen.storyboard */,
				2DEF3757297EC34300C378FE /* Info.plist */,
			);
			path = Resources;
			sourceTree = "<group>";
		};
		2DFE5E16297F050C00698BED /* Colors */ = {
			isa = PBXGroup;
			children = (
				2DFE5E17297F051400698BED /* AppColors.swift */,
			);
			path = Colors;
			sourceTree = "<group>";
		};
/* End PBXGroup section */

/* Begin PBXNativeTarget section */
		2DEF3745297EC34100C378FE /* RichWallet */ = {
			isa = PBXNativeTarget;
			buildConfigurationList = 2DEF375A297EC34300C378FE /* Build configuration list for PBXNativeTarget "RichWallet" */;
			buildPhases = (
				2DEF3742297EC34100C378FE /* Sources */,
				2DEF3743297EC34100C378FE /* Frameworks */,
				2DEF3744297EC34100C378FE /* Resources */,
			);
			buildRules = (
			);
			dependencies = (
			);
			name = RichWallet;
			packageProductDependencies = (
				2DFE5E14297ECDDC00698BED /* SnapKit */,
			);
			productName = RichWallet;
			productReference = 2DEF3746297EC34100C378FE /* RichWallet.app */;
			productType = "com.apple.product-type.application";
		};
/* End PBXNativeTarget section */

/* Begin PBXProject section */
		2DEF373E297EC34100C378FE /* Project object */ = {
			isa = PBXProject;
			attributes = {
				BuildIndependentTargetsInParallel = 1;
				LastSwiftUpdateCheck = 1420;
				LastUpgradeCheck = 1420;
				TargetAttributes = {
					2DEF3745297EC34100C378FE = {
						CreatedOnToolsVersion = 14.2;
					};
				};
			};
			buildConfigurationList = 2DEF3741297EC34100C378FE /* Build configuration list for PBXProject "RichWallet" */;
			compatibilityVersion = "Xcode 14.0";
			developmentRegion = en;
			hasScannedForEncodings = 0;
			knownRegions = (
				en,
				Base,
			);
			mainGroup = 2DEF373D297EC34100C378FE;
			packageReferences = (
				2DFE5E13297ECDDC00698BED /* XCRemoteSwiftPackageReference "SnapKit" */,
			);
			productRefGroup = 2DEF3747297EC34100C378FE /* Products */;
			projectDirPath = "";
			projectRoot = "";
			targets = (
				2DEF3745297EC34100C378FE /* RichWallet */,
			);
		};
/* End PBXProject section */

/* Begin PBXResourcesBuildPhase section */
		2DEF3744297EC34100C378FE /* Resources */ = {
			isa = PBXResourcesBuildPhase;
			buildActionMask = 2147483647;
			files = (
				2DEF3756297EC34300C378FE /* LaunchScreen.storyboard in Resources */,
				2DEF3753297EC34300C378FE /* Assets.xcassets in Resources */,
			);
			runOnlyForDeploymentPostprocessing = 0;
		};
/* End PBXResourcesBuildPhase section */

/* Begin PBXSourcesBuildPhase section */
		2DEF3742297EC34100C378FE /* Sources */ = {
			isa = PBXSourcesBuildPhase;
			buildActionMask = 2147483647;
			files = (
				2DEF376C297EC63E00C378FE /* TradeViewController.swift in Sources */,
				2DFE5E18297F051400698BED /* AppColors.swift in Sources */,
				2DEF375F297EC4A000C378FE /* AppContainer.swift in Sources */,
				2DEF3768297EC5D700C378FE /* MainTabBarController.swift in Sources */,
				2D90F7572985BECA003286E3 /* UIScrollView+.swift in Sources */,
				2D90F7542985B9B8003286E3 /* CardView.swift in Sources */,
				2DEF374A297EC34200C378FE /* AppDelegate.swift in Sources */,
				2DEF3761297EC4A500C378FE /* AppRouter.swift in Sources */,
				2DEF374C297EC34200C378FE /* SceneDelegate.swift in Sources */,
				2DEF376E297EC64500C378FE /* ProfileViewController.swift in Sources */,
				2DEF376A297EC63700C378FE /* HomeViewController.swift in Sources */,
			);
			runOnlyForDeploymentPostprocessing = 0;
		};
/* End PBXSourcesBuildPhase section */

/* Begin PBXVariantGroup section */
		2DEF3754297EC34300C378FE /* LaunchScreen.storyboard */ = {
			isa = PBXVariantGroup;
			children = (
				2DEF3755297EC34300C378FE /* Base */,
			);
			name = LaunchScreen.storyboard;
			sourceTree = "<group>";
		};
/* End PBXVariantGroup section */

/* Begin XCBuildConfiguration section */
		2DEF3758297EC34300C378FE /* Debug */ = {
			isa = XCBuildConfiguration;
			buildSettings = {
				ALWAYS_SEARCH_USER_PATHS = NO;
				CLANG_ANALYZER_NONNULL = YES;
				CLANG_ANALYZER_NUMBER_OBJECT_CONVERSION = YES_AGGRESSIVE;
				CLANG_CXX_LANGUAGE_STANDARD = "gnu++20";
				CLANG_ENABLE_MODULES = YES;
				CLANG_ENABLE_OBJC_ARC = YES;
				CLANG_ENABLE_OBJC_WEAK = YES;
				CLANG_WARN_BLOCK_CAPTURE_AUTORELEASING = YES;
				CLANG_WARN_BOOL_CONVERSION = YES;
				CLANG_WARN_COMMA = YES;
				CLANG_WARN_CONSTANT_CONVERSION = YES;
				CLANG_WARN_DEPRECATED_OBJC_IMPLEMENTATIONS = YES;
				CLANG_WARN_DIRECT_OBJC_ISA_USAGE = YES_ERROR;
				CLANG_WARN_DOCUMENTATION_COMMENTS = YES;
				CLANG_WARN_EMPTY_BODY = YES;
				CLANG_WARN_ENUM_CONVERSION = YES;
				CLANG_WARN_INFINITE_RECURSION = YES;
				CLANG_WARN_INT_CONVERSION = YES;
				CLANG_WARN_NON_LITERAL_NULL_CONVERSION = YES;
				CLANG_WARN_OBJC_IMPLICIT_RETAIN_SELF = YES;
				CLANG_WARN_OBJC_LITERAL_CONVERSION = YES;
				CLANG_WARN_OBJC_ROOT_CLASS = YES_ERROR;
				CLANG_WARN_QUOTED_INCLUDE_IN_FRAMEWORK_HEADER = YES;
				CLANG_WARN_RANGE_LOOP_ANALYSIS = YES;
				CLANG_WARN_STRICT_PROTOTYPES = YES;
				CLANG_WARN_SUSPICIOUS_MOVE = YES;
				CLANG_WARN_UNGUARDED_AVAILABILITY = YES_AGGRESSIVE;
				CLANG_WARN_UNREACHABLE_CODE = YES;
				CLANG_WARN__DUPLICATE_METHOD_MATCH = YES;
				COPY_PHASE_STRIP = NO;
				DEBUG_INFORMATION_FORMAT = dwarf;
				ENABLE_STRICT_OBJC_MSGSEND = YES;
				ENABLE_TESTABILITY = YES;
				GCC_C_LANGUAGE_STANDARD = gnu11;
				GCC_DYNAMIC_NO_PIC = NO;
				GCC_NO_COMMON_BLOCKS = YES;
				GCC_OPTIMIZATION_LEVEL = 0;
				GCC_PREPROCESSOR_DEFINITIONS = (
					"DEBUG=1",
					"$(inherited)",
				);
				GCC_WARN_64_TO_32_BIT_CONVERSION = YES;
				GCC_WARN_ABOUT_RETURN_TYPE = YES_ERROR;
				GCC_WARN_UNDECLARED_SELECTOR = YES;
				GCC_WARN_UNINITIALIZED_AUTOS = YES_AGGRESSIVE;
				GCC_WARN_UNUSED_FUNCTION = YES;
				GCC_WARN_UNUSED_VARIABLE = YES;
				IPHONEOS_DEPLOYMENT_TARGET = 16.2;
				MTL_ENABLE_DEBUG_INFO = INCLUDE_SOURCE;
				MTL_FAST_MATH = YES;
				ONLY_ACTIVE_ARCH = YES;
				SDKROOT = iphoneos;
				SWIFT_ACTIVE_COMPILATION_CONDITIONS = DEBUG;
				SWIFT_OPTIMIZATION_LEVEL = "-Onone";
			};
			name = Debug;
		};
		2DEF3759297EC34300C378FE /* Release */ = {
			isa = XCBuildConfiguration;
			buildSettings = {
				ALWAYS_SEARCH_USER_PATHS = NO;
				CLANG_ANALYZER_NONNULL = YES;
				CLANG_ANALYZER_NUMBER_OBJECT_CONVERSION = YES_AGGRESSIVE;
				CLANG_CXX_LANGUAGE_STANDARD = "gnu++20";
				CLANG_ENABLE_MODULES = YES;
				CLANG_ENABLE_OBJC_ARC = YES;
				CLANG_ENABLE_OBJC_WEAK = YES;
				CLANG_WARN_BLOCK_CAPTURE_AUTORELEASING = YES;
				CLANG_WARN_BOOL_CONVERSION = YES;
				CLANG_WARN_COMMA = YES;
				CLANG_WARN_CONSTANT_CONVERSION = YES;
				CLANG_WARN_DEPRECATED_OBJC_IMPLEMENTATIONS = YES;
				CLANG_WARN_DIRECT_OBJC_ISA_USAGE = YES_ERROR;
				CLANG_WARN_DOCUMENTATION_COMMENTS = YES;
				CLANG_WARN_EMPTY_BODY = YES;
				CLANG_WARN_ENUM_CONVERSION = YES;
				CLANG_WARN_INFINITE_RECURSION = YES;
				CLANG_WARN_INT_CONVERSION = YES;
				CLANG_WARN_NON_LITERAL_NULL_CONVERSION = YES;
				CLANG_WARN_OBJC_IMPLICIT_RETAIN_SELF = YES;
				CLANG_WARN_OBJC_LITERAL_CONVERSION = YES;
				CLANG_WARN_OBJC_ROOT_CLASS = YES_ERROR;
				CLANG_WARN_QUOTED_INCLUDE_IN_FRAMEWORK_HEADER = YES;
				CLANG_WARN_RANGE_LOOP_ANALYSIS = YES;
				CLANG_WARN_STRICT_PROTOTYPES = YES;
				CLANG_WARN_SUSPICIOUS_MOVE = YES;
				CLANG_WARN_UNGUARDED_AVAILABILITY = YES_AGGRESSIVE;
				CLANG_WARN_UNREACHABLE_CODE = YES;
				CLANG_WARN__DUPLICATE_METHOD_MATCH = YES;
				COPY_PHASE_STRIP = NO;
				DEBUG_INFORMATION_FORMAT = "dwarf-with-dsym";
				ENABLE_NS_ASSERTIONS = NO;
				ENABLE_STRICT_OBJC_MSGSEND = YES;
				GCC_C_LANGUAGE_STANDARD = gnu11;
				GCC_NO_COMMON_BLOCKS = YES;
				GCC_WARN_64_TO_32_BIT_CONVERSION = YES;
				GCC_WARN_ABOUT_RETURN_TYPE = YES_ERROR;
				GCC_WARN_UNDECLARED_SELECTOR = YES;
				GCC_WARN_UNINITIALIZED_AUTOS = YES_AGGRESSIVE;
				GCC_WARN_UNUSED_FUNCTION = YES;
				GCC_WARN_UNUSED_VARIABLE = YES;
				IPHONEOS_DEPLOYMENT_TARGET = 16.2;
				MTL_ENABLE_DEBUG_INFO = NO;
				MTL_FAST_MATH = YES;
				SDKROOT = iphoneos;
				SWIFT_COMPILATION_MODE = wholemodule;
				SWIFT_OPTIMIZATION_LEVEL = "-O";
				VALIDATE_PRODUCT = YES;
			};
			name = Release;
		};
		2DEF375B297EC34300C378FE /* Debug */ = {
			isa = XCBuildConfiguration;
			buildSettings = {
				ASSETCATALOG_COMPILER_APPICON_NAME = AppIcon;
				ASSETCATALOG_COMPILER_GLOBAL_ACCENT_COLOR_NAME = AccentColor;
				CODE_SIGN_STYLE = Automatic;
				CURRENT_PROJECT_VERSION = 1;
				DEVELOPMENT_TEAM = HG8VJQPKXZ;
				GENERATE_INFOPLIST_FILE = YES;
				INFOPLIST_FILE = RichWallet/Resources/Info.plist;
				INFOPLIST_KEY_UIApplicationSupportsIndirectInputEvents = YES;
				INFOPLIST_KEY_UILaunchStoryboardName = LaunchScreen;
				INFOPLIST_KEY_UISupportedInterfaceOrientations = UIInterfaceOrientationPortrait;
				INFOPLIST_KEY_UISupportedInterfaceOrientations_iPad = "UIInterfaceOrientationLandscapeLeft UIInterfaceOrientationLandscapeRight UIInterfaceOrientationPortrait UIInterfaceOrientationPortraitUpsideDown";
				IPHONEOS_DEPLOYMENT_TARGET = 15.6;
				LD_RUNPATH_SEARCH_PATHS = (
					"$(inherited)",
					"@executable_path/Frameworks",
				);
				MARKETING_VERSION = 1.0;
				PRODUCT_BUNDLE_IDENTIFIER = dev.nsemir.RichWallet;
				PRODUCT_NAME = "$(TARGET_NAME)";
				SUPPORTED_PLATFORMS = "iphoneos iphonesimulator";
				SUPPORTS_MACCATALYST = NO;
				SUPPORTS_MAC_DESIGNED_FOR_IPHONE_IPAD = NO;
				SWIFT_EMIT_LOC_STRINGS = YES;
				SWIFT_VERSION = 5.0;
				TARGETED_DEVICE_FAMILY = 1;
			};
			name = Debug;
		};
		2DEF375C297EC34300C378FE /* Release */ = {
			isa = XCBuildConfiguration;
			buildSettings = {
				ASSETCATALOG_COMPILER_APPICON_NAME = AppIcon;
				ASSETCATALOG_COMPILER_GLOBAL_ACCENT_COLOR_NAME = AccentColor;
				CODE_SIGN_STYLE = Automatic;
				CURRENT_PROJECT_VERSION = 1;
				DEVELOPMENT_TEAM = HG8VJQPKXZ;
				GENERATE_INFOPLIST_FILE = YES;
				INFOPLIST_FILE = RichWallet/Resources/Info.plist;
				INFOPLIST_KEY_UIApplicationSupportsIndirectInputEvents = YES;
				INFOPLIST_KEY_UILaunchStoryboardName = LaunchScreen;
				INFOPLIST_KEY_UISupportedInterfaceOrientations = UIInterfaceOrientationPortrait;
				INFOPLIST_KEY_UISupportedInterfaceOrientations_iPad = "UIInterfaceOrientationLandscapeLeft UIInterfaceOrientationLandscapeRight UIInterfaceOrientationPortrait UIInterfaceOrientationPortraitUpsideDown";
				IPHONEOS_DEPLOYMENT_TARGET = 15.6;
				LD_RUNPATH_SEARCH_PATHS = (
					"$(inherited)",
					"@executable_path/Frameworks",
				);
				MARKETING_VERSION = 1.0;
				PRODUCT_BUNDLE_IDENTIFIER = dev.nsemir.RichWallet;
				PRODUCT_NAME = "$(TARGET_NAME)";
				SUPPORTED_PLATFORMS = "iphoneos iphonesimulator";
				SUPPORTS_MACCATALYST = NO;
				SUPPORTS_MAC_DESIGNED_FOR_IPHONE_IPAD = NO;
				SWIFT_EMIT_LOC_STRINGS = YES;
				SWIFT_VERSION = 5.0;
				TARGETED_DEVICE_FAMILY = 1;
			};
			name = Release;
		};
/* End XCBuildConfiguration section */

/* Begin XCConfigurationList section */
		2DEF3741297EC34100C378FE /* Build configuration list for PBXProject "RichWallet" */ = {
			isa = XCConfigurationList;
			buildConfigurations = (
				2DEF3758297EC34300C378FE /* Debug */,
				2DEF3759297EC34300C378FE /* Release */,
			);
			defaultConfigurationIsVisible = 0;
			defaultConfigurationName = Release;
		};
		2DEF375A297EC34300C378FE /* Build configuration list for PBXNativeTarget "RichWallet" */ = {
			isa = XCConfigurationList;
			buildConfigurations = (
				2DEF375B297EC34300C378FE /* Debug */,
				2DEF375C297EC34300C378FE /* Release */,
			);
			defaultConfigurationIsVisible = 0;
			defaultConfigurationName = Release;
		};
/* End XCConfigurationList section */

/* Begin XCRemoteSwiftPackageReference section */
		2DFE5E13297ECDDC00698BED /* XCRemoteSwiftPackageReference "SnapKit" */ = {
			isa = XCRemoteSwiftPackageReference;
			repositoryURL = "https://github.com/SnapKit/SnapKit.git";
			requirement = {
				kind = upToNextMajorVersion;
				minimumVersion = 5.0.0;
			};
		};
/* End XCRemoteSwiftPackageReference section */

/* Begin XCSwiftPackageProductDependency section */
		2DFE5E14297ECDDC00698BED /* SnapKit */ = {
			isa = XCSwiftPackageProductDependency;
			package = 2DFE5E13297ECDDC00698BED /* XCRemoteSwiftPackageReference "SnapKit" */;
			productName = SnapKit;
		};
/* End XCSwiftPackageProductDependency section */
	};
	rootObject = 2DEF373E297EC34100C378FE /* Project object */;
}
